// !$*UTF8*$!
{
	archiveVersion = 1;
	classes = {
	};
	objectVersion = 46;
	objects = {

/* Begin PBXBuildFile section */
		7F7A43031E65DE4800841AAB /* Models.swift in Sources */ = {isa = PBXBuildFile; fileRef = 7F7A43021E65DE4800841AAB /* Models.swift */; };
		7F7A43051E669E0A00841AAB /* BookCell.swift in Sources */ = {isa = PBXBuildFile; fileRef = 7F7A43041E669E0A00841AAB /* BookCell.swift */; };
		7F8424D11E349F37002EB13F /* AppDelegate.swift in Sources */ = {isa = PBXBuildFile; fileRef = 7F8424D01E349F37002EB13F /* AppDelegate.swift */; };
		7F8424D31E349F37002EB13F /* ViewController.swift in Sources */ = {isa = PBXBuildFile; fileRef = 7F8424D21E349F37002EB13F /* ViewController.swift */; };
		7F8424D81E349F37002EB13F /* Assets.xcassets in Resources */ = {isa = PBXBuildFile; fileRef = 7F8424D71E349F37002EB13F /* Assets.xcassets */; };
		7F8424DB1E349F37002EB13F /* LaunchScreen.storyboard in Resources */ = {isa = PBXBuildFile; fileRef = 7F8424D91E349F37002EB13F /* LaunchScreen.storyboard */; };
/* End PBXBuildFile section */

/* Begin PBXFileReference section */
		7F7A43021E65DE4800841AAB /* Models.swift */ = {isa = PBXFileReference; fileEncoding = 4; lastKnownFileType = sourcecode.swift; path = Models.swift; sourceTree = "<group>"; };
		7F7A43041E669E0A00841AAB /* BookCell.swift */ = {isa = PBXFileReference; fileEncoding = 4; lastKnownFileType = sourcecode.swift; path = BookCell.swift; sourceTree = "<group>"; };
		7F8424CD1E349F37002EB13F /* KindleDemo.app */ = {isa = PBXFileReference; explicitFileType = wrapper.application; includeInIndex = 0; path = KindleDemo.app; sourceTree = BUILT_PRODUCTS_DIR; };
		7F8424D01E349F37002EB13F /* AppDelegate.swift */ = {isa = PBXFileReference; lastKnownFileType = sourcecode.swift; path = AppDelegate.swift; sourceTree = "<group>"; };
		7F8424D21E349F37002EB13F /* ViewController.swift */ = {isa = PBXFileReference; lastKnownFileType = sourcecode.swift; path = ViewController.swift; sourceTree = "<group>"; };
		7F8424D71E349F37002EB13F /* Assets.xcassets */ = {isa = PBXFileReference; lastKnownFileType = folder.assetcatalog; path = Assets.xcassets; sourceTree = "<group>"; };
		7F8424DA1E349F37002EB13F /* Base */ = {isa = PBXFileReference; lastKnownFileType = file.storyboard; name = Base; path = Base.lproj/LaunchScreen.storyboard; sourceTree = "<group>"; };
		7F8424DC1E349F37002EB13F /* Info.plist */ = {isa = PBXFileReference; lastKnownFileType = text.plist.xml; path = Info.plist; sourceTree = "<group>"; };
/* End PBXFileReference section */

/* Begin PBXFrameworksBuildPhase section */
		7F8424CA1E349F37002EB13F /* Frameworks */ = {
			isa = PBXFrameworksBuildPhase;
			buildActionMask = 2147483647;
			files = (
			);
			runOnlyForDeploymentPostprocessing = 0;
		};
/* End PBXFrameworksBuildPhase section */

/* Begin PBXGroup section */
		7F8424C41E349F37002EB13F = {
			isa = PBXGroup;
			children = (
				7F8424CF1E349F37002EB13F /* KindleDemo */,
				7F8424CE1E349F37002EB13F /* Products */,
			);
			sourceTree = "<group>";
		};
		7F8424CE1E349F37002EB13F /* Products */ = {
			isa = PBXGroup;
			children = (
				7F8424CD1E349F37002EB13F /* KindleDemo.app */,
			);
			name = Products;
			sourceTree = "<group>";
		};
		7F8424CF1E349F37002EB13F /* KindleDemo */ = {
			isa = PBXGroup;
			children = (
				7F7A43041E669E0A00841AAB /* BookCell.swift */,
				7F8424E21E349F4F002EB13F /* Supporting Files */,
				7F8424D21E349F37002EB13F /* ViewController.swift */,
				7F7A43021E65DE4800841AAB /* Models.swift */,
			);
			path = KindleDemo;
			sourceTree = "<group>";
		};
		7F8424E21E349F4F002EB13F /* Supporting Files */ = {
			isa = PBXGroup;
			children = (
				7F8424D01E349F37002EB13F /* AppDelegate.swift */,
				7F8424D71E349F37002EB13F /* Assets.xcassets */,
				7F8424D91E349F37002EB13F /* LaunchScreen.storyboard */,
				7F8424DC1E349F37002EB13F /* Info.plist */,
			);
			name = "Supporting Files";
			sourceTree = "<group>";
		};
/* End PBXGroup section */

/* Begin PBXNativeTarget section */
		7F8424CC1E349F37002EB13F /* KindleDemo */ = {
			isa = PBXNativeTarget;
			buildConfigurationList = 7F8424DF1E349F37002EB13F /* Build configuration list for PBXNativeTarget "KindleDemo" */;
			buildPhases = (
				7F8424C91E349F37002EB13F /* Sources */,
				7F8424CA1E349F37002EB13F /* Frameworks */,
				7F8424CB1E349F37002EB13F /* Resources */,
			);
			buildRules = (
			);
			dependencies = (
			);
			name = KindleDemo;
			productName = KindleDemo;
			productReference = 7F8424CD1E349F37002EB13F /* KindleDemo.app */;
			productType = "com.apple.product-type.application";
		};
/* End PBXNativeTarget section */

/* Begin PBXProject section */
		7F8424C51E349F37002EB13F /* Project object */ = {
			isa = PBXProject;
			attributes = {
				LastSwiftUpdateCheck = 0820;
				LastUpgradeCheck = 0820;
				ORGANIZATIONNAME = meowdev.tw;
				TargetAttributes = {
					7F8424CC1E349F37002EB13F = {
						CreatedOnToolsVersion = 8.2.1;
						DevelopmentTeam = CARZAJ37XA;
						ProvisioningStyle = Automatic;
					};
				};
			};
			buildConfigurationList = 7F8424C81E349F37002EB13F /* Build configuration list for PBXProject "KindleDemo" */;
			compatibilityVersion = "Xcode 3.2";
			developmentRegion = English;
			hasScannedForEncodings = 0;
			knownRegions = (
				en,
				Base,
			);
			mainGroup = 7F8424C41E349F37002EB13F;
			productRefGroup = 7F8424CE1E349F37002EB13F /* Products */;
			projectDirPath = "";
			projectRoot = "";
			targets = (
				7F8424CC1E349F37002EB13F /* KindleDemo */,
			);
		};
/* End PBXProject section */

/* Begin PBXResourcesBuildPhase section */
		7F8424CB1E349F37002EB13F /* Resources */ = {
			isa = PBXResourcesBuildPhase;
			buildActionMask = 2147483647;
			files = (
				7F8424DB1E349F37002EB13F /* LaunchScreen.storyboard in Resources */,
				7F8424D81E349F37002EB13F /* Assets.xcassets in Resources */,
			);
			runOnlyForDeploymentPostprocessing = 0;
		};
/* End PBXResourcesBuildPhase section */

/* Begin PBXSourcesBuildPhase section */
		7F8424C91E349F37002EB13F /* Sources */ = {
			isa = PBXSourcesBuildPhase;
			buildActionMask = 2147483647;
			files = (
				7F7A43051E669E0A00841AAB /* BookCell.swift in Sources */,
				7F7A43031E65DE4800841AAB /* Models.swift in Sources */,
				7F8424D31E349F37002EB13F /* ViewController.swift in Sources */,
				7F8424D11E349F37002EB13F /* AppDelegate.swift in Sources */,
			);
			runOnlyForDeploymentPostprocessing = 0;
		};
/* End PBXSourcesBuildPhase section */

/* Begin PBXVariantGroup section */
		7F8424D91E349F37002EB13F /* LaunchScreen.storyboard */ = {
			isa = PBXVariantGroup;
			children = (
				7F8424DA1E349F37002EB13F /* Base */,
			);
			name = LaunchScreen.storyboard;
			sourceTree = "<group>";
		};
/* End PBXVariantGroup section */

/* Begin XCBuildConfiguration section */
		7F8424DD1E349F37002EB13F /* Debug */ = {
			isa = XCBuildConfiguration;
			buildSettings = {
				ALWAYS_SEARCH_USER_PATHS = NO;
				CLANG_ANALYZER_NONNULL = YES;
				CLANG_CXX_LANGUAGE_STANDARD = "gnu++0x";
				CLANG_CXX_LIBRARY = "libc++";
				CLANG_ENABLE_MODULES = YES;
				CLANG_ENABLE_OBJC_ARC = YES;
				CLANG_WARN_BOOL_CONVERSION = YES;
				CLANG_WARN_CONSTANT_CONVERSION = YES;
				CLANG_WARN_DIRECT_OBJC_ISA_USAGE = YES_ERROR;
				CLANG_WARN_DOCUMENTATION_COMMENTS = YES;
				CLANG_WARN_EMPTY_BODY = YES;
				CLANG_WARN_ENUM_CONVERSION = YES;
				CLANG_WARN_INFINITE_RECURSION = YES;
				CLANG_WARN_INT_CONVERSION = YES;
				CLANG_WARN_OBJC_ROOT_CLASS = YES_ERROR;
				CLANG_WARN_SUSPICIOUS_MOVE = YES;
				CLANG_WARN_UNREACHABLE_CODE = YES;
				CLANG_WARN__DUPLICATE_METHOD_MATCH = YES;
				"CODE_SIGN_IDENTITY[sdk=iphoneos*]" = "iPhone Developer";
				COPY_PHASE_STRIP = NO;
				DEBUG_INFORMATION_FORMAT = dwarf;
				ENABLE_STRICT_OBJC_MSGSEND = YES;
				ENABLE_TESTABILITY = YES;
				GCC_C_LANGUAGE_STANDARD = gnu99;
				GCC_DYNAMIC_NO_PIC = NO;
				GCC_NO_COMMON_BLOCKS = YES;
				GCC_OPTIMIZATION_LEVEL = 0;
				GCC_PREPROCESSOR_DEFINITIONS = (
					"DEBUG=1",
					"$(inherited)",
				);
				GCC_WARN_64_TO_32_BIT_CONVERSION = YES;
				GCC_WARN_ABOUT_RETURN_TYPE = YES_ERROR;
				GCC_WARN_UNDECLARED_SELECTOR = YES;
				GCC_WARN_UNINITIALIZED_AUTOS = YES_AGGRESSIVE;
				GCC_WARN_UNUSED_FUNCTION = YES;
				GCC_WARN_UNUSED_VARIABLE = YES;
				IPHONEOS_DEPLOYMENT_TARGET = 10.2;
				MTL_ENABLE_DEBUG_INFO = YES;
				ONLY_ACTIVE_ARCH = YES;
				SDKROOT = iphoneos;
				SWIFT_ACTIVE_COMPILATION_CONDITIONS = DEBUG;
				SWIFT_OPTIMIZATION_LEVEL = "-Onone";
			};
			name = Debug;
		};
		7F8424DE1E349F37002EB13F /* Release */ = {
			isa = XCBuildConfiguration;
			buildSettings = {
				ALWAYS_SEARCH_USER_PATHS = NO;
				CLANG_ANALYZER_NONNULL = YES;
				CLANG_CXX_LANGUAGE_STANDARD = "gnu++0x";
				CLANG_CXX_LIBRARY = "libc++";
				CLANG_ENABLE_MODULES = YES;
				CLANG_ENABLE_OBJC_ARC = YES;
				CLANG_WARN_BOOL_CONVERSION = YES;
				CLANG_WARN_CONSTANT_CONVERSION = YES;
				CLANG_WARN_DIRECT_OBJC_ISA_USAGE = YES_ERROR;
				CLANG_WARN_DOCUMENTATION_COMMENTS = YES;
				CLANG_WARN_EMPTY_BODY = YES;
				CLANG_WARN_ENUM_CONVERSION = YES;
				CLANG_WARN_INFINITE_RECURSION = YES;
				CLANG_WARN_INT_CONVERSION = YES;
				CLANG_WARN_OBJC_ROOT_CLASS = YES_ERROR;
				CLANG_WARN_SUSPICIOUS_MOVE = YES;
				CLANG_WARN_UNREACHABLE_CODE = YES;
				CLANG_WARN__DUPLICATE_METHOD_MATCH = YES;
				"CODE_SIGN_IDENTITY[sdk=iphoneos*]" = "iPhone Developer";
				COPY_PHASE_STRIP = NO;
				DEBUG_INFORMATION_FORMAT = "dwarf-with-dsym";
				ENABLE_NS_ASSERTIONS = NO;
				ENABLE_STRICT_OBJC_MSGSEND = YES;
				GCC_C_LANGUAGE_STANDARD = gnu99;
				GCC_NO_COMMON_BLOCKS = YES;
				GCC_WARN_64_TO_32_BIT_CONVERSION = YES;
				GCC_WARN_ABOUT_RETURN_TYPE = YES_ERROR;
				GCC_WARN_UNDECLARED_SELECTOR = YES;
				GCC_WARN_UNINITIALIZED_AUTOS = YES_AGGRESSIVE;
				GCC_WARN_UNUSED_FUNCTION = YES;
				GCC_WARN_UNUSED_VARIABLE = YES;
				IPHONEOS_DEPLOYMENT_TARGET = 10.2;
				MTL_ENABLE_DEBUG_INFO = NO;
				SDKROOT = iphoneos;
				SWIFT_OPTIMIZATION_LEVEL = "-Owholemodule";
				VALIDATE_PRODUCT = YES;
			};
			name = Release;
		};
		7F8424E01E349F37002EB13F /* Debug */ = {
			isa = XCBuildConfiguration;
			buildSettings = {
				ASSETCATALOG_COMPILER_APPICON_NAME = AppIcon;
				DEVELOPMENT_TEAM = CARZAJ37XA;
				INFOPLIST_FILE = KindleDemo/Info.plist;
				LD_RUNPATH_SEARCH_PATHS = "$(inherited) @executable_path/Frameworks";
				PRODUCT_BUNDLE_IDENTIFIER = meowdev.tw.KindleDemo;
				PRODUCT_NAME = "$(TARGET_NAME)";
				SWIFT_VERSION = 3.0;
			};
			name = Debug;
		};
		7F8424E11E349F37002EB13F /* Release */ = {
			isa = XCBuildConfiguration;
			buildSettings = {
				ASSETCATALOG_COMPILER_APPICON_NAME = AppIcon;
				DEVELOPMENT_TEAM = CARZAJ37XA;
				INFOPLIST_FILE = KindleDemo/Info.plist;
				LD_RUNPATH_SEARCH_PATHS = "$(inherited) @executable_path/Frameworks";
				PRODUCT_BUNDLE_IDENTIFIER = meowdev.tw.KindleDemo;
				PRODUCT_NAME = "$(TARGET_NAME)";
				SWIFT_VERSION = 3.0;
			};
			name = Release;
		};
/* End XCBuildConfiguration section */

/* Begin XCConfigurationList section */
		7F8424C81E349F37002EB13F /* Build configuration list for PBXProject "KindleDemo" */ = {
			isa = XCConfigurationList;
			buildConfigurations = (
				7F8424DD1E349F37002EB13F /* Debug */,
				7F8424DE1E349F37002EB13F /* Release */,
			);
			defaultConfigurationIsVisible = 0;
			defaultConfigurationName = Release;
		};
		7F8424DF1E349F37002EB13F /* Build configuration list for PBXNativeTarget "KindleDemo" */ = {
			isa = XCConfigurationList;
			buildConfigurations = (
				7F8424E01E349F37002EB13F /* Debug */,
				7F8424E11E349F37002EB13F /* Release */,
			);
			defaultConfigurationIsVisible = 0;
			defaultConfigurationName = Release;
		};
/* End XCConfigurationList section */
	};
	rootObject = 7F8424C51E349F37002EB13F /* Project object */;
}
